
Microsoft Visual Studio Solution File, Format Version 12.00
# Visual Studio Version 16
VisualStudioVersion = 16.0.29102.190
MinimumVisualStudioVersion = 10.0.40219.1
Project("{FAE04EC0-301F-11D3-BF4B-00C04F79EFBC}") = "ProcesoPasaporte", "ProcesoPasaporte\ProcesoPasaporte.csproj", "{74CFF6AC-BCB3-464B-AC87-B3BC6F247C0F}"
EndProject
Global
	GlobalSection(SolutionConfigurationPlatforms) = preSolution
		Debug|Any CPU = Debug|Any CPU
		Release|Any CPU = Release|Any CPU
	EndGlobalSection
	GlobalSection(ProjectConfigurationPlatforms) = postSolution
		{74CFF6AC-BCB3-464B-AC87-B3BC6F247C0F}.Debug|Any CPU.ActiveCfg = Debug|Any CPU
		{74CFF6AC-BCB3-464B-AC87-B3BC6F247C0F}.Debug|Any CPU.Build.0 = Debug|Any CPU
		{74CFF6AC-BCB3-464B-AC87-B3BC6F247C0F}.Release|Any CPU.ActiveCfg = Release|Any CPU
		{74CFF6AC-BCB3-464B-AC87-B3BC6F247C0F}.Release|Any CPU.Build.0 = Release|Any CPU
	EndGlobalSection
	GlobalSection(SolutionProperties) = preSolution
		HideSolutionNode = FALSE
	EndGlobalSection
	GlobalSection(ExtensibilityGlobals) = postSolution
		SolutionGuid = {64AF0C4F-8E0F-4840-926C-24100390F6C1}
	EndGlobalSection
EndGlobal
